{
  "name": "antigravity_ide",
  "lockfileVersion": 3,
  "requires": true,
  "packages": {
    "": {
      "dependencies": {
        "@yowasp/clang": "^22.0.0-git20542-10",
        "skulpt": "^1.2.0"
      }
    },
    "node_modules/@yowasp/clang": {
      "version": "22.0.0-git20542-10",
      "resolved": "https://registry.npmjs.org/@yowasp/clang/-/clang-22.0.0-git20542-10.tgz",
      "integrity": "sha512-V31/z9GrJECKeACTDUyvg2llbEUiFi3bxtL5HSg7H/6sydSxdI/AoVAD9F5ozrfLjotWl0B9rghR87m+DUM/zg==",
      "license": "ISC"
    },
    "node_modules/jsbi": {
      "version": "3.2.5",
      "resolved": "https://registry.npmjs.org/jsbi/-/jsbi-3.2.5.tgz",
      "integrity": "sha512-aBE4n43IPvjaddScbvWRA2YlTzKEynHzu7MqOyTipdHucf/VxS63ViCjxYRg86M8Rxwbt/GfzHl1kKERkt45fQ==",
      "license": "Apache-2.0"
    },
    "node_modules/skulpt": {
      "version": "1.2.0",
      "resolved": "https://registry.npmjs.org/skulpt/-/skulpt-1.2.0.tgz",
      "integrity": "sha512-T0cv0sdSOXLlIJTuyXSeYJ3TFdWYSZfX2PcBLpRKrKZ3dTbVQXRMiYudSuko2xzcyMif47DS2ShatCwjCbsSsA==",
      "license": "MIT",
      "dependencies": {
        "jsbi": "^3.1.4"
      },
      "engines": {
        "node": ">=10.4"
      }
    }
  }
}
